// !$*UTF8*$!
{
	archiveVersion = 1;
	classes = {
	};
	objectVersion = 56;
	objects = {

/* Begin PBXBuildFile section */
		3981AE582B3E29E3001917C9 /* ContentViewModel.swift in Sources */ = {isa = PBXBuildFile; fileRef = 3981AE572B3E29E3001917C9 /* ContentViewModel.swift */; };
		3981AE5A2B3E2A67001917C9 /* Artwork.swift in Sources */ = {isa = PBXBuildFile; fileRef = 3981AE592B3E2A67001917C9 /* Artwork.swift */; };
		3981AE5C2B3E2A7F001917C9 /* View+Extension.swift in Sources */ = {isa = PBXBuildFile; fileRef = 3981AE5B2B3E2A7F001917C9 /* View+Extension.swift */; };
		41809E482B35D11800C44046 /* Assignment_N38_TBC_Academy_GestureActionsApp.swift in Sources */ = {isa = PBXBuildFile; fileRef = 41809E472B35D11800C44046 /* Assignment_N38_TBC_Academy_GestureActionsApp.swift */; };
		41809E4A2B35D11800C44046 /* ContentView.swift in Sources */ = {isa = PBXBuildFile; fileRef = 41809E492B35D11800C44046 /* ContentView.swift */; };
		41809E4C2B35D11B00C44046 /* Assets.xcassets in Resources */ = {isa = PBXBuildFile; fileRef = 41809E4B2B35D11B00C44046 /* Assets.xcassets */; };
		41809E4F2B35D11B00C44046 /* Preview Assets.xcassets in Resources */ = {isa = PBXBuildFile; fileRef = 41809E4E2B35D11B00C44046 /* Preview Assets.xcassets */; };
		41809E582B35DBC300C44046 /* Audio.swift in Sources */ = {isa = PBXBuildFile; fileRef = 41809E572B35DBC300C44046 /* Audio.swift */; };
/* End PBXBuildFile section */

/* Begin PBXFileReference section */
		3981AE572B3E29E3001917C9 /* ContentViewModel.swift */ = {isa = PBXFileReference; lastKnownFileType = sourcecode.swift; path = ContentViewModel.swift; sourceTree = "<group>"; };
		3981AE592B3E2A67001917C9 /* Artwork.swift */ = {isa = PBXFileReference; lastKnownFileType = sourcecode.swift; path = Artwork.swift; sourceTree = "<group>"; };
		3981AE5B2B3E2A7F001917C9 /* View+Extension.swift */ = {isa = PBXFileReference; lastKnownFileType = sourcecode.swift; path = "View+Extension.swift"; sourceTree = "<group>"; };
		3981AE602B3E2AB1001917C9 /* Goat.mp3 */ = {isa = PBXFileReference; lastKnownFileType = audio.mp3; name = Goat.mp3; path = ../../../../../../Downloads/Goat.mp3; sourceTree = "<group>"; };
		41809E442B35D11800C44046 /* Assignment N38 TBC Academy GestureActions.app */ = {isa = PBXFileReference; explicitFileType = wrapper.application; includeInIndex = 0; path = "Assignment N38 TBC Academy GestureActions.app"; sourceTree = BUILT_PRODUCTS_DIR; };
		41809E472B35D11800C44046 /* Assignment_N38_TBC_Academy_GestureActionsApp.swift */ = {isa = PBXFileReference; lastKnownFileType = sourcecode.swift; path = Assignment_N38_TBC_Academy_GestureActionsApp.swift; sourceTree = "<group>"; };
		41809E492B35D11800C44046 /* ContentView.swift */ = {isa = PBXFileReference; lastKnownFileType = sourcecode.swift; path = ContentView.swift; sourceTree = "<group>"; };
		41809E4B2B35D11B00C44046 /* Assets.xcassets */ = {isa = PBXFileReference; lastKnownFileType = folder.assetcatalog; path = Assets.xcassets; sourceTree = "<group>"; };
		41809E4E2B35D11B00C44046 /* Preview Assets.xcassets */ = {isa = PBXFileReference; lastKnownFileType = folder.assetcatalog; path = "Preview Assets.xcassets"; sourceTree = "<group>"; };
		41809E572B35DBC300C44046 /* Audio.swift */ = {isa = PBXFileReference; lastKnownFileType = sourcecode.swift; path = Audio.swift; sourceTree = "<group>"; };
/* End PBXFileReference section */

/* Begin PBXFrameworksBuildPhase section */
		41809E412B35D11800C44046 /* Frameworks */ = {
			isa = PBXFrameworksBuildPhase;
			buildActionMask = 2147483647;
			files = (
			);
			runOnlyForDeploymentPostprocessing = 0;
		};
/* End PBXFrameworksBuildPhase section */

/* Begin PBXGroup section */
		3981AE532B3E2603001917C9 /* App */ = {
			isa = PBXGroup;
			children = (
				41809E472B35D11800C44046 /* Assignment_N38_TBC_Academy_GestureActionsApp.swift */,
			);
			path = App;
			sourceTree = "<group>";
		};
		3981AE542B3E2614001917C9 /* Scenes */ = {
			isa = PBXGroup;
			children = (
				3981AE562B3E264A001917C9 /* ContentView */,
			);
			path = Scenes;
			sourceTree = "<group>";
		};
		3981AE552B3E2629001917C9 /* Extension */ = {
			isa = PBXGroup;
			children = (
				3981AE5B2B3E2A7F001917C9 /* View+Extension.swift */,
			);
			path = Extension;
			sourceTree = "<group>";
		};
		3981AE562B3E264A001917C9 /* ContentView */ = {
			isa = PBXGroup;
			children = (
				41809E492B35D11800C44046 /* ContentView.swift */,
				3981AE572B3E29E3001917C9 /* ContentViewModel.swift */,
				3981AE592B3E2A67001917C9 /* Artwork.swift */,
			);
			path = ContentView;
			sourceTree = "<group>";
		};
		3981AE5D2B3E2A99001917C9 /* Resources */ = {
			isa = PBXGroup;
			children = (
				3981AE5F2B3E2AAC001917C9 /* Audio */,
				3981AE5E2B3E2AA2001917C9 /* Assets */,
			);
			path = Resources;
			sourceTree = "<group>";
		};
		3981AE5E2B3E2AA2001917C9 /* Assets */ = {
			isa = PBXGroup;
			children = (
				41809E4B2B35D11B00C44046 /* Assets.xcassets */,
			);
			path = Assets;
			sourceTree = "<group>";
		};
		3981AE5F2B3E2AAC001917C9 /* Audio */ = {
			isa = PBXGroup;
			children = (
				41809E572B35DBC300C44046 /* Audio.swift */,
				3981AE602B3E2AB1001917C9 /* Goat.mp3 */,
			);
			path = Audio;
			sourceTree = "<group>";
		};
		41809E3B2B35D11700C44046 = {
			isa = PBXGroup;
			children = (
				41809E462B35D11800C44046 /* Assignment N38 TBC Academy GestureActions */,
				41809E452B35D11800C44046 /* Products */,
			);
			sourceTree = "<group>";
		};
		41809E452B35D11800C44046 /* Products */ = {
			isa = PBXGroup;
			children = (
				41809E442B35D11800C44046 /* Assignment N38 TBC Academy GestureActions.app */,
			);
			name = Products;
			sourceTree = "<group>";
		};
		41809E462B35D11800C44046 /* Assignment N38 TBC Academy GestureActions */ = {
			isa = PBXGroup;
			children = (
				3981AE532B3E2603001917C9 /* App */,
				3981AE542B3E2614001917C9 /* Scenes */,
				3981AE552B3E2629001917C9 /* Extension */,
				3981AE5D2B3E2A99001917C9 /* Resources */,
				41809E4D2B35D11B00C44046 /* Preview Content */,
			);
			path = "Assignment N38 TBC Academy GestureActions";
			sourceTree = "<group>";
		};
		41809E4D2B35D11B00C44046 /* Preview Content */ = {
			isa = PBXGroup;
			children = (
				41809E4E2B35D11B00C44046 /* Preview Assets.xcassets */,
			);
			path = "Preview Content";
			sourceTree = "<group>";
		};
/* End PBXGroup section */

/* Begin PBXNativeTarget section */
		41809E432B35D11800C44046 /* Assignment N38 TBC Academy GestureActions */ = {
			isa = PBXNativeTarget;
			buildConfigurationList = 41809E522B35D11B00C44046 /* Build configuration list for PBXNativeTarget "Assignment N38 TBC Academy GestureActions" */;
			buildPhases = (
				41809E402B35D11800C44046 /* Sources */,
				41809E412B35D11800C44046 /* Frameworks */,
				41809E422B35D11800C44046 /* Resources */,
			);
			buildRules = (
			);
			dependencies = (
			);
			name = "Assignment N38 TBC Academy GestureActions";
			productName = "Assignment N38 TBC Academy GestureActions";
			productReference = 41809E442B35D11800C44046 /* Assignment N38 TBC Academy GestureActions.app */;
			productType = "com.apple.product-type.application";
		};
/* End PBXNativeTarget section */

/* Begin PBXProject section */
		41809E3C2B35D11700C44046 /* Project object */ = {
			isa = PBXProject;
			attributes = {
				BuildIndependentTargetsInParallel = 1;
				LastSwiftUpdateCheck = 1510;
				LastUpgradeCheck = 1510;
				TargetAttributes = {
					41809E432B35D11800C44046 = {
						CreatedOnToolsVersion = 15.1;
					};
				};
			};
			buildConfigurationList = 41809E3F2B35D11700C44046 /* Build configuration list for PBXProject "Assignment N38 TBC Academy GestureActions" */;
			compatibilityVersion = "Xcode 14.0";
			developmentRegion = en;
			hasScannedForEncodings = 0;
			knownRegions = (
				en,
				Base,
			);
			mainGroup = 41809E3B2B35D11700C44046;
			productRefGroup = 41809E452B35D11800C44046 /* Products */;
			projectDirPath = "";
			projectRoot = "";
			targets = (
				41809E432B35D11800C44046 /* Assignment N38 TBC Academy GestureActions */,
			);
		};
/* End PBXProject section */

/* Begin PBXResourcesBuildPhase section */
		41809E422B35D11800C44046 /* Resources */ = {
			isa = PBXResourcesBuildPhase;
			buildActionMask = 2147483647;
			files = (
				41809E4F2B35D11B00C44046 /* Preview Assets.xcassets in Resources */,
				41809E4C2B35D11B00C44046 /* Assets.xcassets in Resources */,
			);
			runOnlyForDeploymentPostprocessing = 0;
		};
/* End PBXResourcesBuildPhase section */

/* Begin PBXSourcesBuildPhase section */
		41809E402B35D11800C44046 /* Sources */ = {
			isa = PBXSourcesBuildPhase;
			buildActionMask = 2147483647;
			files = (
				3981AE5A2B3E2A67001917C9 /* Artwork.swift in Sources */,
				3981AE582B3E29E3001917C9 /* ContentViewModel.swift in Sources */,
				41809E582B35DBC300C44046 /* Audio.swift in Sources */,
				41809E4A2B35D11800C44046 /* ContentView.swift in Sources */,
				3981AE5C2B3E2A7F001917C9 /* View+Extension.swift in Sources */,
				41809E482B35D11800C44046 /* Assignment_N38_TBC_Academy_GestureActionsApp.swift in Sources */,
			);
			runOnlyForDeploymentPostprocessing = 0;
		};
/* End PBXSourcesBuildPhase section */

/* Begin XCBuildConfiguration section */
		41809E502B35D11B00C44046 /* Debug */ = {
			isa = XCBuildConfiguration;
			buildSettings = {
				ALWAYS_SEARCH_USER_PATHS = NO;
				ASSETCATALOG_COMPILER_GENERATE_SWIFT_ASSET_SYMBOL_EXTENSIONS = YES;
				CLANG_ANALYZER_NONNULL = YES;
				CLANG_ANALYZER_NUMBER_OBJECT_CONVERSION = YES_AGGRESSIVE;
				CLANG_CXX_LANGUAGE_STANDARD = "gnu++20";
				CLANG_ENABLE_MODULES = YES;
				CLANG_ENABLE_OBJC_ARC = YES;
				CLANG_ENABLE_OBJC_WEAK = YES;
				CLANG_WARN_BLOCK_CAPTURE_AUTORELEASING = YES;
				CLANG_WARN_BOOL_CONVERSION = YES;
				CLANG_WARN_COMMA = YES;
				CLANG_WARN_CONSTANT_CONVERSION = YES;
				CLANG_WARN_DEPRECATED_OBJC_IMPLEMENTATIONS = YES;
				CLANG_WARN_DIRECT_OBJC_ISA_USAGE = YES_ERROR;
				CLANG_WARN_DOCUMENTATION_COMMENTS = YES;
				CLANG_WARN_EMPTY_BODY = YES;
				CLANG_WARN_ENUM_CONVERSION = YES;
				CLANG_WARN_INFINITE_RECURSION = YES;
				CLANG_WARN_INT_CONVERSION = YES;
				CLANG_WARN_NON_LITERAL_NULL_CONVERSION = YES;
				CLANG_WARN_OBJC_IMPLICIT_RETAIN_SELF = YES;
				CLANG_WARN_OBJC_LITERAL_CONVERSION = YES;
				CLANG_WARN_OBJC_ROOT_CLASS = YES_ERROR;
				CLANG_WARN_QUOTED_INCLUDE_IN_FRAMEWORK_HEADER = YES;
				CLANG_WARN_RANGE_LOOP_ANALYSIS = YES;
				CLANG_WARN_STRICT_PROTOTYPES = YES;
				CLANG_WARN_SUSPICIOUS_MOVE = YES;
				CLANG_WARN_UNGUARDED_AVAILABILITY = YES_AGGRESSIVE;
				CLANG_WARN_UNREACHABLE_CODE = YES;
				CLANG_WARN__DUPLICATE_METHOD_MATCH = YES;
				COPY_PHASE_STRIP = NO;
				DEBUG_INFORMATION_FORMAT = dwarf;
				ENABLE_STRICT_OBJC_MSGSEND = YES;
				ENABLE_TESTABILITY = YES;
				ENABLE_USER_SCRIPT_SANDBOXING = YES;
				GCC_C_LANGUAGE_STANDARD = gnu17;
				GCC_DYNAMIC_NO_PIC = NO;
				GCC_NO_COMMON_BLOCKS = YES;
				GCC_OPTIMIZATION_LEVEL = 0;
				GCC_PREPROCESSOR_DEFINITIONS = (
					"DEBUG=1",
					"$(inherited)",
				);
				GCC_WARN_64_TO_32_BIT_CONVERSION = YES;
				GCC_WARN_ABOUT_RETURN_TYPE = YES_ERROR;
				GCC_WARN_UNDECLARED_SELECTOR = YES;
				GCC_WARN_UNINITIALIZED_AUTOS = YES_AGGRESSIVE;
				GCC_WARN_UNUSED_FUNCTION = YES;
				GCC_WARN_UNUSED_VARIABLE = YES;
				IPHONEOS_DEPLOYMENT_TARGET = 17.2;
				LOCALIZATION_PREFERS_STRING_CATALOGS = YES;
				MTL_ENABLE_DEBUG_INFO = INCLUDE_SOURCE;
				MTL_FAST_MATH = YES;
				ONLY_ACTIVE_ARCH = YES;
				SDKROOT = iphoneos;
				SWIFT_ACTIVE_COMPILATION_CONDITIONS = "DEBUG $(inherited)";
				SWIFT_OPTIMIZATION_LEVEL = "-Onone";
			};
			name = Debug;
		};
		41809E512B35D11B00C44046 /* Release */ = {
			isa = XCBuildConfiguration;
			buildSettings = {
				ALWAYS_SEARCH_USER_PATHS = NO;
				ASSETCATALOG_COMPILER_GENERATE_SWIFT_ASSET_SYMBOL_EXTENSIONS = YES;
				CLANG_ANALYZER_NONNULL = YES;
				CLANG_ANALYZER_NUMBER_OBJECT_CONVERSION = YES_AGGRESSIVE;
				CLANG_CXX_LANGUAGE_STANDARD = "gnu++20";
				CLANG_ENABLE_MODULES = YES;
				CLANG_ENABLE_OBJC_ARC = YES;
				CLANG_ENABLE_OBJC_WEAK = YES;
				CLANG_WARN_BLOCK_CAPTURE_AUTORELEASING = YES;
				CLANG_WARN_BOOL_CONVERSION = YES;
				CLANG_WARN_COMMA = YES;
				CLANG_WARN_CONSTANT_CONVERSION = YES;
				CLANG_WARN_DEPRECATED_OBJC_IMPLEMENTATIONS = YES;
				CLANG_WARN_DIRECT_OBJC_ISA_USAGE = YES_ERROR;
				CLANG_WARN_DOCUMENTATION_COMMENTS = YES;
				CLANG_WARN_EMPTY_BODY = YES;
				CLANG_WARN_ENUM_CONVERSION = YES;
				CLANG_WARN_INFINITE_RECURSION = YES;
				CLANG_WARN_INT_CONVERSION = YES;
				CLANG_WARN_NON_LITERAL_NULL_CONVERSION = YES;
				CLANG_WARN_OBJC_IMPLICIT_RETAIN_SELF = YES;
				CLANG_WARN_OBJC_LITERAL_CONVERSION = YES;
				CLANG_WARN_OBJC_ROOT_CLASS = YES_ERROR;
				CLANG_WARN_QUOTED_INCLUDE_IN_FRAMEWORK_HEADER = YES;
				CLANG_WARN_RANGE_LOOP_ANALYSIS = YES;
				CLANG_WARN_STRICT_PROTOTYPES = YES;
				CLANG_WARN_SUSPICIOUS_MOVE = YES;
				CLANG_WARN_UNGUARDED_AVAILABILITY = YES_AGGRESSIVE;
				CLANG_WARN_UNREACHABLE_CODE = YES;
				CLANG_WARN__DUPLICATE_METHOD_MATCH = YES;
				COPY_PHASE_STRIP = NO;
				DEBUG_INFORMATION_FORMAT = "dwarf-with-dsym";
				ENABLE_NS_ASSERTIONS = NO;
				ENABLE_STRICT_OBJC_MSGSEND = YES;
				ENABLE_USER_SCRIPT_SANDBOXING = YES;
				GCC_C_LANGUAGE_STANDARD = gnu17;
				GCC_NO_COMMON_BLOCKS = YES;
				GCC_WARN_64_TO_32_BIT_CONVERSION = YES;
				GCC_WARN_ABOUT_RETURN_TYPE = YES_ERROR;
				GCC_WARN_UNDECLARED_SELECTOR = YES;
				GCC_WARN_UNINITIALIZED_AUTOS = YES_AGGRESSIVE;
				GCC_WARN_UNUSED_FUNCTION = YES;
				GCC_WARN_UNUSED_VARIABLE = YES;
				IPHONEOS_DEPLOYMENT_TARGET = 17.2;
				LOCALIZATION_PREFERS_STRING_CATALOGS = YES;
				MTL_ENABLE_DEBUG_INFO = NO;
				MTL_FAST_MATH = YES;
				SDKROOT = iphoneos;
				SWIFT_COMPILATION_MODE = wholemodule;
				VALIDATE_PRODUCT = YES;
			};
			name = Release;
		};
		41809E532B35D11B00C44046 /* Debug */ = {
			isa = XCBuildConfiguration;
			buildSettings = {
				ASSETCATALOG_COMPILER_APPICON_NAME = AppIcon;
				ASSETCATALOG_COMPILER_GLOBAL_ACCENT_COLOR_NAME = AccentColor;
				CODE_SIGN_STYLE = Automatic;
				CURRENT_PROJECT_VERSION = 1;
				DEVELOPMENT_ASSET_PATHS = "\"Assignment N38 TBC Academy GestureActions/Preview Content\"";
				ENABLE_PREVIEWS = YES;
				GENERATE_INFOPLIST_FILE = YES;
				INFOPLIST_KEY_UIApplicationSceneManifest_Generation = YES;
				INFOPLIST_KEY_UIApplicationSupportsIndirectInputEvents = YES;
				INFOPLIST_KEY_UILaunchScreen_Generation = YES;
				INFOPLIST_KEY_UISupportedInterfaceOrientations_iPad = "UIInterfaceOrientationPortrait UIInterfaceOrientationPortraitUpsideDown UIInterfaceOrientationLandscapeLeft UIInterfaceOrientationLandscapeRight";
				INFOPLIST_KEY_UISupportedInterfaceOrientations_iPhone = "UIInterfaceOrientationPortrait UIInterfaceOrientationLandscapeLeft UIInterfaceOrientationLandscapeRight";
				IPHONEOS_DEPLOYMENT_TARGET = 17.0;
				LD_RUNPATH_SEARCH_PATHS = (
					"$(inherited)",
					"@executable_path/Frameworks",
				);
				MARKETING_VERSION = 1.0;
				PRODUCT_BUNDLE_IDENTIFIER = "TockProducts.Assignment-N38-TBC-Academy-GestureActions";
				PRODUCT_NAME = "$(TARGET_NAME)";
				SWIFT_EMIT_LOC_STRINGS = YES;
				SWIFT_VERSION = 5.0;
				TARGETED_DEVICE_FAMILY = "1,2";
			};
			name = Debug;
		};
		41809E542B35D11B00C44046 /* Release */ = {
			isa = XCBuildConfiguration;
			buildSettings = {
				ASSETCATALOG_COMPILER_APPICON_NAME = AppIcon;
				ASSETCATALOG_COMPILER_GLOBAL_ACCENT_COLOR_NAME = AccentColor;
				CODE_SIGN_STYLE = Automatic;
				CURRENT_PROJECT_VERSION = 1;
				DEVELOPMENT_ASSET_PATHS = "\"Assignment N38 TBC Academy GestureActions/Preview Content\"";
				ENABLE_PREVIEWS = YES;
				GENERATE_INFOPLIST_FILE = YES;
				INFOPLIST_KEY_UIApplicationSceneManifest_Generation = YES;
				INFOPLIST_KEY_UIApplicationSupportsIndirectInputEvents = YES;
				INFOPLIST_KEY_UILaunchScreen_Generation = YES;
				INFOPLIST_KEY_UISupportedInterfaceOrientations_iPad = "UIInterfaceOrientationPortrait UIInterfaceOrientationPortraitUpsideDown UIInterfaceOrientationLandscapeLeft UIInterfaceOrientationLandscapeRight";
				INFOPLIST_KEY_UISupportedInterfaceOrientations_iPhone = "UIInterfaceOrientationPortrait UIInterfaceOrientationLandscapeLeft UIInterfaceOrientationLandscapeRight";
				IPHONEOS_DEPLOYMENT_TARGET = 17.0;
				LD_RUNPATH_SEARCH_PATHS = (
					"$(inherited)",
					"@executable_path/Frameworks",
				);
				MARKETING_VERSION = 1.0;
				PRODUCT_BUNDLE_IDENTIFIER = "TockProducts.Assignment-N38-TBC-Academy-GestureActions";
				PRODUCT_NAME = "$(TARGET_NAME)";
				SWIFT_EMIT_LOC_STRINGS = YES;
				SWIFT_VERSION = 5.0;
				TARGETED_DEVICE_FAMILY = "1,2";
			};
			name = Release;
		};
/* End XCBuildConfiguration section */

/* Begin XCConfigurationList section */
		41809E3F2B35D11700C44046 /* Build configuration list for PBXProject "Assignment N38 TBC Academy GestureActions" */ = {
			isa = XCConfigurationList;
			buildConfigurations = (
				41809E502B35D11B00C44046 /* Debug */,
				41809E512B35D11B00C44046 /* Release */,
			);
			defaultConfigurationIsVisible = 0;
			defaultConfigurationName = Release;
		};
		41809E522B35D11B00C44046 /* Build configuration list for PBXNativeTarget "Assignment N38 TBC Academy GestureActions" */ = {
			isa = XCConfigurationList;
			buildConfigurations = (
				41809E532B35D11B00C44046 /* Debug */,
				41809E542B35D11B00C44046 /* Release */,
			);
			defaultConfigurationIsVisible = 0;
			defaultConfigurationName = Release;
		};
/* End XCConfigurationList section */
	};
	rootObject = 41809E3C2B35D11700C44046 /* Project object */;
}
