// !$*UTF8*$!
{
	archiveVersion = 1;
	classes = {
	};
	objectVersion = 56;
	objects = {

/* Begin PBXBuildFile section */
		417C41C32AE40B8C00C524C7 /* AppDelegate.swift in Sources */ = {isa = PBXBuildFile; fileRef = 417C41C22AE40B8C00C524C7 /* AppDelegate.swift */; };
		417C41C52AE40B8C00C524C7 /* SceneDelegate.swift in Sources */ = {isa = PBXBuildFile; fileRef = 417C41C42AE40B8C00C524C7 /* SceneDelegate.swift */; };
		417C41C72AE40B8C00C524C7 /* ViewController.swift in Sources */ = {isa = PBXBuildFile; fileRef = 417C41C62AE40B8C00C524C7 /* ViewController.swift */; };
		417C41CA2AE40B8C00C524C7 /* Main.storyboard in Resources */ = {isa = PBXBuildFile; fileRef = 417C41C82AE40B8C00C524C7 /* Main.storyboard */; };
		417C41CC2AE40B8D00C524C7 /* Assets.xcassets in Resources */ = {isa = PBXBuildFile; fileRef = 417C41CB2AE40B8D00C524C7 /* Assets.xcassets */; };
		417C41CF2AE40B8D00C524C7 /* LaunchScreen.storyboard in Resources */ = {isa = PBXBuildFile; fileRef = 417C41CD2AE40B8D00C524C7 /* LaunchScreen.storyboard */; };
		417C41DA2AE40B8D00C524C7 /* Assignment_N14_TBCAcademyTests.swift in Sources */ = {isa = PBXBuildFile; fileRef = 417C41D92AE40B8D00C524C7 /* Assignment_N14_TBCAcademyTests.swift */; };
		417C41E42AE40B8D00C524C7 /* Assignment_N14_TBCAcademyUITests.swift in Sources */ = {isa = PBXBuildFile; fileRef = 417C41E32AE40B8D00C524C7 /* Assignment_N14_TBCAcademyUITests.swift */; };
		417C41E62AE40B8D00C524C7 /* Assignment_N14_TBCAcademyUITestsLaunchTests.swift in Sources */ = {isa = PBXBuildFile; fileRef = 417C41E52AE40B8D00C524C7 /* Assignment_N14_TBCAcademyUITestsLaunchTests.swift */; };
/* End PBXBuildFile section */

/* Begin PBXContainerItemProxy section */
		417C41D62AE40B8D00C524C7 /* PBXContainerItemProxy */ = {
			isa = PBXContainerItemProxy;
			containerPortal = 417C41B72AE40B8B00C524C7 /* Project object */;
			proxyType = 1;
			remoteGlobalIDString = 417C41BE2AE40B8C00C524C7;
			remoteInfo = "Assignment N14 TBCAcademy";
		};
		417C41E02AE40B8D00C524C7 /* PBXContainerItemProxy */ = {
			isa = PBXContainerItemProxy;
			containerPortal = 417C41B72AE40B8B00C524C7 /* Project object */;
			proxyType = 1;
			remoteGlobalIDString = 417C41BE2AE40B8C00C524C7;
			remoteInfo = "Assignment N14 TBCAcademy";
		};
/* End PBXContainerItemProxy section */

/* Begin PBXFileReference section */
		417C41BF2AE40B8C00C524C7 /* Assignment N14 TBCAcademy.app */ = {isa = PBXFileReference; explicitFileType = wrapper.application; includeInIndex = 0; path = "Assignment N14 TBCAcademy.app"; sourceTree = BUILT_PRODUCTS_DIR; };
		417C41C22AE40B8C00C524C7 /* AppDelegate.swift */ = {isa = PBXFileReference; lastKnownFileType = sourcecode.swift; path = AppDelegate.swift; sourceTree = "<group>"; };
		417C41C42AE40B8C00C524C7 /* SceneDelegate.swift */ = {isa = PBXFileReference; lastKnownFileType = sourcecode.swift; path = SceneDelegate.swift; sourceTree = "<group>"; };
		417C41C62AE40B8C00C524C7 /* ViewController.swift */ = {isa = PBXFileReference; lastKnownFileType = sourcecode.swift; path = ViewController.swift; sourceTree = "<group>"; };
		417C41C92AE40B8C00C524C7 /* Base */ = {isa = PBXFileReference; lastKnownFileType = file.storyboard; name = Base; path = Base.lproj/Main.storyboard; sourceTree = "<group>"; };
		417C41CB2AE40B8D00C524C7 /* Assets.xcassets */ = {isa = PBXFileReference; lastKnownFileType = folder.assetcatalog; path = Assets.xcassets; sourceTree = "<group>"; };
		417C41CE2AE40B8D00C524C7 /* Base */ = {isa = PBXFileReference; lastKnownFileType = file.storyboard; name = Base; path = Base.lproj/LaunchScreen.storyboard; sourceTree = "<group>"; };
		417C41D02AE40B8D00C524C7 /* Info.plist */ = {isa = PBXFileReference; lastKnownFileType = text.plist.xml; path = Info.plist; sourceTree = "<group>"; };
		417C41D52AE40B8D00C524C7 /* Assignment N14 TBCAcademyTests.xctest */ = {isa = PBXFileReference; explicitFileType = wrapper.cfbundle; includeInIndex = 0; path = "Assignment N14 TBCAcademyTests.xctest"; sourceTree = BUILT_PRODUCTS_DIR; };
		417C41D92AE40B8D00C524C7 /* Assignment_N14_TBCAcademyTests.swift */ = {isa = PBXFileReference; lastKnownFileType = sourcecode.swift; path = Assignment_N14_TBCAcademyTests.swift; sourceTree = "<group>"; };
		417C41DF2AE40B8D00C524C7 /* Assignment N14 TBCAcademyUITests.xctest */ = {isa = PBXFileReference; explicitFileType = wrapper.cfbundle; includeInIndex = 0; path = "Assignment N14 TBCAcademyUITests.xctest"; sourceTree = BUILT_PRODUCTS_DIR; };
		417C41E32AE40B8D00C524C7 /* Assignment_N14_TBCAcademyUITests.swift */ = {isa = PBXFileReference; lastKnownFileType = sourcecode.swift; path = Assignment_N14_TBCAcademyUITests.swift; sourceTree = "<group>"; };
		417C41E52AE40B8D00C524C7 /* Assignment_N14_TBCAcademyUITestsLaunchTests.swift */ = {isa = PBXFileReference; lastKnownFileType = sourcecode.swift; path = Assignment_N14_TBCAcademyUITestsLaunchTests.swift; sourceTree = "<group>"; };
/* End PBXFileReference section */

/* Begin PBXFrameworksBuildPhase section */
		417C41BC2AE40B8C00C524C7 /* Frameworks */ = {
			isa = PBXFrameworksBuildPhase;
			buildActionMask = 2147483647;
			files = (
			);
			runOnlyForDeploymentPostprocessing = 0;
		};
		417C41D22AE40B8D00C524C7 /* Frameworks */ = {
			isa = PBXFrameworksBuildPhase;
			buildActionMask = 2147483647;
			files = (
			);
			runOnlyForDeploymentPostprocessing = 0;
		};
		417C41DC2AE40B8D00C524C7 /* Frameworks */ = {
			isa = PBXFrameworksBuildPhase;
			buildActionMask = 2147483647;
			files = (
			);
			runOnlyForDeploymentPostprocessing = 0;
		};
/* End PBXFrameworksBuildPhase section */

/* Begin PBXGroup section */
		417C41B62AE40B8B00C524C7 = {
			isa = PBXGroup;
			children = (
				417C41C12AE40B8C00C524C7 /* Assignment N14 TBCAcademy */,
				417C41D82AE40B8D00C524C7 /* Assignment N14 TBCAcademyTests */,
				417C41E22AE40B8D00C524C7 /* Assignment N14 TBCAcademyUITests */,
				417C41C02AE40B8C00C524C7 /* Products */,
			);
			sourceTree = "<group>";
		};
		417C41C02AE40B8C00C524C7 /* Products */ = {
			isa = PBXGroup;
			children = (
				417C41BF2AE40B8C00C524C7 /* Assignment N14 TBCAcademy.app */,
				417C41D52AE40B8D00C524C7 /* Assignment N14 TBCAcademyTests.xctest */,
				417C41DF2AE40B8D00C524C7 /* Assignment N14 TBCAcademyUITests.xctest */,
			);
			name = Products;
			sourceTree = "<group>";
		};
		417C41C12AE40B8C00C524C7 /* Assignment N14 TBCAcademy */ = {
			isa = PBXGroup;
			children = (
				417C41C22AE40B8C00C524C7 /* AppDelegate.swift */,
				417C41C42AE40B8C00C524C7 /* SceneDelegate.swift */,
				417C41C62AE40B8C00C524C7 /* ViewController.swift */,
				417C41C82AE40B8C00C524C7 /* Main.storyboard */,
				417C41CB2AE40B8D00C524C7 /* Assets.xcassets */,
				417C41CD2AE40B8D00C524C7 /* LaunchScreen.storyboard */,
				417C41D02AE40B8D00C524C7 /* Info.plist */,
			);
			path = "Assignment N14 TBCAcademy";
			sourceTree = "<group>";
		};
		417C41D82AE40B8D00C524C7 /* Assignment N14 TBCAcademyTests */ = {
			isa = PBXGroup;
			children = (
				417C41D92AE40B8D00C524C7 /* Assignment_N14_TBCAcademyTests.swift */,
			);
			path = "Assignment N14 TBCAcademyTests";
			sourceTree = "<group>";
		};
		417C41E22AE40B8D00C524C7 /* Assignment N14 TBCAcademyUITests */ = {
			isa = PBXGroup;
			children = (
				417C41E32AE40B8D00C524C7 /* Assignment_N14_TBCAcademyUITests.swift */,
				417C41E52AE40B8D00C524C7 /* Assignment_N14_TBCAcademyUITestsLaunchTests.swift */,
			);
			path = "Assignment N14 TBCAcademyUITests";
			sourceTree = "<group>";
		};
/* End PBXGroup section */

/* Begin PBXNativeTarget section */
		417C41BE2AE40B8C00C524C7 /* Assignment N14 TBCAcademy */ = {
			isa = PBXNativeTarget;
			buildConfigurationList = 417C41E92AE40B8D00C524C7 /* Build configuration list for PBXNativeTarget "Assignment N14 TBCAcademy" */;
			buildPhases = (
				417C41BB2AE40B8C00C524C7 /* Sources */,
				417C41BC2AE40B8C00C524C7 /* Frameworks */,
				417C41BD2AE40B8C00C524C7 /* Resources */,
			);
			buildRules = (
			);
			dependencies = (
			);
			name = "Assignment N14 TBCAcademy";
			productName = "Assignment N14 TBCAcademy";
			productReference = 417C41BF2AE40B8C00C524C7 /* Assignment N14 TBCAcademy.app */;
			productType = "com.apple.product-type.application";
		};
		417C41D42AE40B8D00C524C7 /* Assignment N14 TBCAcademyTests */ = {
			isa = PBXNativeTarget;
			buildConfigurationList = 417C41EC2AE40B8D00C524C7 /* Build configuration list for PBXNativeTarget "Assignment N14 TBCAcademyTests" */;
			buildPhases = (
				417C41D12AE40B8D00C524C7 /* Sources */,
				417C41D22AE40B8D00C524C7 /* Frameworks */,
				417C41D32AE40B8D00C524C7 /* Resources */,
			);
			buildRules = (
			);
			dependencies = (
				417C41D72AE40B8D00C524C7 /* PBXTargetDependency */,
			);
			name = "Assignment N14 TBCAcademyTests";
			productName = "Assignment N14 TBCAcademyTests";
			productReference = 417C41D52AE40B8D00C524C7 /* Assignment N14 TBCAcademyTests.xctest */;
			productType = "com.apple.product-type.bundle.unit-test";
		};
		417C41DE2AE40B8D00C524C7 /* Assignment N14 TBCAcademyUITests */ = {
			isa = PBXNativeTarget;
			buildConfigurationList = 417C41EF2AE40B8D00C524C7 /* Build configuration list for PBXNativeTarget "Assignment N14 TBCAcademyUITests" */;
			buildPhases = (
				417C41DB2AE40B8D00C524C7 /* Sources */,
				417C41DC2AE40B8D00C524C7 /* Frameworks */,
				417C41DD2AE40B8D00C524C7 /* Resources */,
			);
			buildRules = (
			);
			dependencies = (
				417C41E12AE40B8D00C524C7 /* PBXTargetDependency */,
			);
			name = "Assignment N14 TBCAcademyUITests";
			productName = "Assignment N14 TBCAcademyUITests";
			productReference = 417C41DF2AE40B8D00C524C7 /* Assignment N14 TBCAcademyUITests.xctest */;
			productType = "com.apple.product-type.bundle.ui-testing";
		};
/* End PBXNativeTarget section */

/* Begin PBXProject section */
		417C41B72AE40B8B00C524C7 /* Project object */ = {
			isa = PBXProject;
			attributes = {
				BuildIndependentTargetsInParallel = 1;
				LastSwiftUpdateCheck = 1500;
				LastUpgradeCheck = 1500;
				TargetAttributes = {
					417C41BE2AE40B8C00C524C7 = {
						CreatedOnToolsVersion = 15.0;
					};
					417C41D42AE40B8D00C524C7 = {
						CreatedOnToolsVersion = 15.0;
						TestTargetID = 417C41BE2AE40B8C00C524C7;
					};
					417C41DE2AE40B8D00C524C7 = {
						CreatedOnToolsVersion = 15.0;
						TestTargetID = 417C41BE2AE40B8C00C524C7;
					};
				};
			};
			buildConfigurationList = 417C41BA2AE40B8B00C524C7 /* Build configuration list for PBXProject "Assignment N14 TBCAcademy" */;
			compatibilityVersion = "Xcode 14.0";
			developmentRegion = en;
			hasScannedForEncodings = 0;
			knownRegions = (
				en,
				Base,
			);
			mainGroup = 417C41B62AE40B8B00C524C7;
			productRefGroup = 417C41C02AE40B8C00C524C7 /* Products */;
			projectDirPath = "";
			projectRoot = "";
			targets = (
				417C41BE2AE40B8C00C524C7 /* Assignment N14 TBCAcademy */,
				417C41D42AE40B8D00C524C7 /* Assignment N14 TBCAcademyTests */,
				417C41DE2AE40B8D00C524C7 /* Assignment N14 TBCAcademyUITests */,
			);
		};
/* End PBXProject section */

/* Begin PBXResourcesBuildPhase section */
		417C41BD2AE40B8C00C524C7 /* Resources */ = {
			isa = PBXResourcesBuildPhase;
			buildActionMask = 2147483647;
			files = (
				417C41CF2AE40B8D00C524C7 /* LaunchScreen.storyboard in Resources */,
				417C41CC2AE40B8D00C524C7 /* Assets.xcassets in Resources */,
				417C41CA2AE40B8C00C524C7 /* Main.storyboard in Resources */,
			);
			runOnlyForDeploymentPostprocessing = 0;
		};
		417C41D32AE40B8D00C524C7 /* Resources */ = {
			isa = PBXResourcesBuildPhase;
			buildActionMask = 2147483647;
			files = (
			);
			runOnlyForDeploymentPostprocessing = 0;
		};
		417C41DD2AE40B8D00C524C7 /* Resources */ = {
			isa = PBXResourcesBuildPhase;
			buildActionMask = 2147483647;
			files = (
			);
			runOnlyForDeploymentPostprocessing = 0;
		};
/* End PBXResourcesBuildPhase section */

/* Begin PBXSourcesBuildPhase section */
		417C41BB2AE40B8C00C524C7 /* Sources */ = {
			isa = PBXSourcesBuildPhase;
			buildActionMask = 2147483647;
			files = (
				417C41C72AE40B8C00C524C7 /* ViewController.swift in Sources */,
				417C41C32AE40B8C00C524C7 /* AppDelegate.swift in Sources */,
				417C41C52AE40B8C00C524C7 /* SceneDelegate.swift in Sources */,
			);
			runOnlyForDeploymentPostprocessing = 0;
		};
		417C41D12AE40B8D00C524C7 /* Sources */ = {
			isa = PBXSourcesBuildPhase;
			buildActionMask = 2147483647;
			files = (
				417C41DA2AE40B8D00C524C7 /* Assignment_N14_TBCAcademyTests.swift in Sources */,
			);
			runOnlyForDeploymentPostprocessing = 0;
		};
		417C41DB2AE40B8D00C524C7 /* Sources */ = {
			isa = PBXSourcesBuildPhase;
			buildActionMask = 2147483647;
			files = (
				417C41E62AE40B8D00C524C7 /* Assignment_N14_TBCAcademyUITestsLaunchTests.swift in Sources */,
				417C41E42AE40B8D00C524C7 /* Assignment_N14_TBCAcademyUITests.swift in Sources */,
			);
			runOnlyForDeploymentPostprocessing = 0;
		};
/* End PBXSourcesBuildPhase section */

/* Begin PBXTargetDependency section */
		417C41D72AE40B8D00C524C7 /* PBXTargetDependency */ = {
			isa = PBXTargetDependency;
			target = 417C41BE2AE40B8C00C524C7 /* Assignment N14 TBCAcademy */;
			targetProxy = 417C41D62AE40B8D00C524C7 /* PBXContainerItemProxy */;
		};
		417C41E12AE40B8D00C524C7 /* PBXTargetDependency */ = {
			isa = PBXTargetDependency;
			target = 417C41BE2AE40B8C00C524C7 /* Assignment N14 TBCAcademy */;
			targetProxy = 417C41E02AE40B8D00C524C7 /* PBXContainerItemProxy */;
		};
/* End PBXTargetDependency section */

/* Begin PBXVariantGroup section */
		417C41C82AE40B8C00C524C7 /* Main.storyboard */ = {
			isa = PBXVariantGroup;
			children = (
				417C41C92AE40B8C00C524C7 /* Base */,
			);
			name = Main.storyboard;
			sourceTree = "<group>";
		};
		417C41CD2AE40B8D00C524C7 /* LaunchScreen.storyboard */ = {
			isa = PBXVariantGroup;
			children = (
				417C41CE2AE40B8D00C524C7 /* Base */,
			);
			name = LaunchScreen.storyboard;
			sourceTree = "<group>";
		};
/* End PBXVariantGroup section */

/* Begin XCBuildConfiguration section */
		417C41E72AE40B8D00C524C7 /* Debug */ = {
			isa = XCBuildConfiguration;
			buildSettings = {
				ALWAYS_SEARCH_USER_PATHS = NO;
				ASSETCATALOG_COMPILER_GENERATE_SWIFT_ASSET_SYMBOL_EXTENSIONS = YES;
				CLANG_ANALYZER_NONNULL = YES;
				CLANG_ANALYZER_NUMBER_OBJECT_CONVERSION = YES_AGGRESSIVE;
				CLANG_CXX_LANGUAGE_STANDARD = "gnu++20";
				CLANG_ENABLE_MODULES = YES;
				CLANG_ENABLE_OBJC_ARC = YES;
				CLANG_ENABLE_OBJC_WEAK = YES;
				CLANG_WARN_BLOCK_CAPTURE_AUTORELEASING = YES;
				CLANG_WARN_BOOL_CONVERSION = YES;
				CLANG_WARN_COMMA = YES;
				CLANG_WARN_CONSTANT_CONVERSION = YES;
				CLANG_WARN_DEPRECATED_OBJC_IMPLEMENTATIONS = YES;
				CLANG_WARN_DIRECT_OBJC_ISA_USAGE = YES_ERROR;
				CLANG_WARN_DOCUMENTATION_COMMENTS = YES;
				CLANG_WARN_EMPTY_BODY = YES;
				CLANG_WARN_ENUM_CONVERSION = YES;
				CLANG_WARN_INFINITE_RECURSION = YES;
				CLANG_WARN_INT_CONVERSION = YES;
				CLANG_WARN_NON_LITERAL_NULL_CONVERSION = YES;
				CLANG_WARN_OBJC_IMPLICIT_RETAIN_SELF = YES;
				CLANG_WARN_OBJC_LITERAL_CONVERSION = YES;
				CLANG_WARN_OBJC_ROOT_CLASS = YES_ERROR;
				CLANG_WARN_QUOTED_INCLUDE_IN_FRAMEWORK_HEADER = YES;
				CLANG_WARN_RANGE_LOOP_ANALYSIS = YES;
				CLANG_WARN_STRICT_PROTOTYPES = YES;
				CLANG_WARN_SUSPICIOUS_MOVE = YES;
				CLANG_WARN_UNGUARDED_AVAILABILITY = YES_AGGRESSIVE;
				CLANG_WARN_UNREACHABLE_CODE = YES;
				CLANG_WARN__DUPLICATE_METHOD_MATCH = YES;
				COPY_PHASE_STRIP = NO;
				DEBUG_INFORMATION_FORMAT = dwarf;
				ENABLE_STRICT_OBJC_MSGSEND = YES;
				ENABLE_TESTABILITY = YES;
				ENABLE_USER_SCRIPT_SANDBOXING = YES;
				GCC_C_LANGUAGE_STANDARD = gnu17;
				GCC_DYNAMIC_NO_PIC = NO;
				GCC_NO_COMMON_BLOCKS = YES;
				GCC_OPTIMIZATION_LEVEL = 0;
				GCC_PREPROCESSOR_DEFINITIONS = (
					"DEBUG=1",
					"$(inherited)",
				);
				GCC_WARN_64_TO_32_BIT_CONVERSION = YES;
				GCC_WARN_ABOUT_RETURN_TYPE = YES_ERROR;
				GCC_WARN_UNDECLARED_SELECTOR = YES;
				GCC_WARN_UNINITIALIZED_AUTOS = YES_AGGRESSIVE;
				GCC_WARN_UNUSED_FUNCTION = YES;
				GCC_WARN_UNUSED_VARIABLE = YES;
				IPHONEOS_DEPLOYMENT_TARGET = 17.0;
				LOCALIZATION_PREFERS_STRING_CATALOGS = YES;
				MTL_ENABLE_DEBUG_INFO = INCLUDE_SOURCE;
				MTL_FAST_MATH = YES;
				ONLY_ACTIVE_ARCH = YES;
				SDKROOT = iphoneos;
				SWIFT_ACTIVE_COMPILATION_CONDITIONS = "DEBUG $(inherited)";
				SWIFT_OPTIMIZATION_LEVEL = "-Onone";
			};
			name = Debug;
		};
		417C41E82AE40B8D00C524C7 /* Release */ = {
			isa = XCBuildConfiguration;
			buildSettings = {
				ALWAYS_SEARCH_USER_PATHS = NO;
				ASSETCATALOG_COMPILER_GENERATE_SWIFT_ASSET_SYMBOL_EXTENSIONS = YES;
				CLANG_ANALYZER_NONNULL = YES;
				CLANG_ANALYZER_NUMBER_OBJECT_CONVERSION = YES_AGGRESSIVE;
				CLANG_CXX_LANGUAGE_STANDARD = "gnu++20";
				CLANG_ENABLE_MODULES = YES;
				CLANG_ENABLE_OBJC_ARC = YES;
				CLANG_ENABLE_OBJC_WEAK = YES;
				CLANG_WARN_BLOCK_CAPTURE_AUTORELEASING = YES;
				CLANG_WARN_BOOL_CONVERSION = YES;
				CLANG_WARN_COMMA = YES;
				CLANG_WARN_CONSTANT_CONVERSION = YES;
				CLANG_WARN_DEPRECATED_OBJC_IMPLEMENTATIONS = YES;
				CLANG_WARN_DIRECT_OBJC_ISA_USAGE = YES_ERROR;
				CLANG_WARN_DOCUMENTATION_COMMENTS = YES;
				CLANG_WARN_EMPTY_BODY = YES;
				CLANG_WARN_ENUM_CONVERSION = YES;
				CLANG_WARN_INFINITE_RECURSION = YES;
				CLANG_WARN_INT_CONVERSION = YES;
				CLANG_WARN_NON_LITERAL_NULL_CONVERSION = YES;
				CLANG_WARN_OBJC_IMPLICIT_RETAIN_SELF = YES;
				CLANG_WARN_OBJC_LITERAL_CONVERSION = YES;
				CLANG_WARN_OBJC_ROOT_CLASS = YES_ERROR;
				CLANG_WARN_QUOTED_INCLUDE_IN_FRAMEWORK_HEADER = YES;
				CLANG_WARN_RANGE_LOOP_ANALYSIS = YES;
				CLANG_WARN_STRICT_PROTOTYPES = YES;
				CLANG_WARN_SUSPICIOUS_MOVE = YES;
				CLANG_WARN_UNGUARDED_AVAILABILITY = YES_AGGRESSIVE;
				CLANG_WARN_UNREACHABLE_CODE = YES;
				CLANG_WARN__DUPLICATE_METHOD_MATCH = YES;
				COPY_PHASE_STRIP = NO;
				DEBUG_INFORMATION_FORMAT = "dwarf-with-dsym";
				ENABLE_NS_ASSERTIONS = NO;
				ENABLE_STRICT_OBJC_MSGSEND = YES;
				ENABLE_USER_SCRIPT_SANDBOXING = YES;
				GCC_C_LANGUAGE_STANDARD = gnu17;
				GCC_NO_COMMON_BLOCKS = YES;
				GCC_WARN_64_TO_32_BIT_CONVERSION = YES;
				GCC_WARN_ABOUT_RETURN_TYPE = YES_ERROR;
				GCC_WARN_UNDECLARED_SELECTOR = YES;
				GCC_WARN_UNINITIALIZED_AUTOS = YES_AGGRESSIVE;
				GCC_WARN_UNUSED_FUNCTION = YES;
				GCC_WARN_UNUSED_VARIABLE = YES;
				IPHONEOS_DEPLOYMENT_TARGET = 17.0;
				LOCALIZATION_PREFERS_STRING_CATALOGS = YES;
				MTL_ENABLE_DEBUG_INFO = NO;
				MTL_FAST_MATH = YES;
				SDKROOT = iphoneos;
				SWIFT_COMPILATION_MODE = wholemodule;
				VALIDATE_PRODUCT = YES;
			};
			name = Release;
		};
		417C41EA2AE40B8D00C524C7 /* Debug */ = {
			isa = XCBuildConfiguration;
			buildSettings = {
				ASSETCATALOG_COMPILER_APPICON_NAME = AppIcon;
				ASSETCATALOG_COMPILER_GLOBAL_ACCENT_COLOR_NAME = AccentColor;
				CODE_SIGN_STYLE = Automatic;
				CURRENT_PROJECT_VERSION = 1;
				GENERATE_INFOPLIST_FILE = YES;
				INFOPLIST_FILE = "Assignment N14 TBCAcademy/Info.plist";
				INFOPLIST_KEY_UIApplicationSupportsIndirectInputEvents = YES;
				INFOPLIST_KEY_UILaunchStoryboardName = LaunchScreen;
				INFOPLIST_KEY_UIMainStoryboardFile = Main;
				INFOPLIST_KEY_UISupportedInterfaceOrientations_iPad = "UIInterfaceOrientationPortrait UIInterfaceOrientationPortraitUpsideDown UIInterfaceOrientationLandscapeLeft UIInterfaceOrientationLandscapeRight";
				INFOPLIST_KEY_UISupportedInterfaceOrientations_iPhone = "UIInterfaceOrientationPortrait UIInterfaceOrientationLandscapeLeft UIInterfaceOrientationLandscapeRight";
				LD_RUNPATH_SEARCH_PATHS = (
					"$(inherited)",
					"@executable_path/Frameworks",
				);
				MARKETING_VERSION = 1.0;
				PRODUCT_BUNDLE_IDENTIFIER = "test.Assignment-N14-TBCAcademy";
				PRODUCT_NAME = "$(TARGET_NAME)";
				SWIFT_EMIT_LOC_STRINGS = YES;
				SWIFT_VERSION = 5.0;
				TARGETED_DEVICE_FAMILY = "1,2";
			};
			name = Debug;
		};
		417C41EB2AE40B8D00C524C7 /* Release */ = {
			isa = XCBuildConfiguration;
			buildSettings = {
				ASSETCATALOG_COMPILER_APPICON_NAME = AppIcon;
				ASSETCATALOG_COMPILER_GLOBAL_ACCENT_COLOR_NAME = AccentColor;
				CODE_SIGN_STYLE = Automatic;
				CURRENT_PROJECT_VERSION = 1;
				GENERATE_INFOPLIST_FILE = YES;
				INFOPLIST_FILE = "Assignment N14 TBCAcademy/Info.plist";
				INFOPLIST_KEY_UIApplicationSupportsIndirectInputEvents = YES;
				INFOPLIST_KEY_UILaunchStoryboardName = LaunchScreen;
				INFOPLIST_KEY_UIMainStoryboardFile = Main;
				INFOPLIST_KEY_UISupportedInterfaceOrientations_iPad = "UIInterfaceOrientationPortrait UIInterfaceOrientationPortraitUpsideDown UIInterfaceOrientationLandscapeLeft UIInterfaceOrientationLandscapeRight";
				INFOPLIST_KEY_UISupportedInterfaceOrientations_iPhone = "UIInterfaceOrientationPortrait UIInterfaceOrientationLandscapeLeft UIInterfaceOrientationLandscapeRight";
				LD_RUNPATH_SEARCH_PATHS = (
					"$(inherited)",
					"@executable_path/Frameworks",
				);
				MARKETING_VERSION = 1.0;
				PRODUCT_BUNDLE_IDENTIFIER = "test.Assignment-N14-TBCAcademy";
				PRODUCT_NAME = "$(TARGET_NAME)";
				SWIFT_EMIT_LOC_STRINGS = YES;
				SWIFT_VERSION = 5.0;
				TARGETED_DEVICE_FAMILY = "1,2";
			};
			name = Release;
		};
		417C41ED2AE40B8D00C524C7 /* Debug */ = {
			isa = XCBuildConfiguration;
			buildSettings = {
				ALWAYS_EMBED_SWIFT_STANDARD_LIBRARIES = YES;
				BUNDLE_LOADER = "$(TEST_HOST)";
				CODE_SIGN_STYLE = Automatic;
				CURRENT_PROJECT_VERSION = 1;
				GENERATE_INFOPLIST_FILE = YES;
				IPHONEOS_DEPLOYMENT_TARGET = 17.0;
				MARKETING_VERSION = 1.0;
				PRODUCT_BUNDLE_IDENTIFIER = "test.Assignment-N14-TBCAcademyTests";
				PRODUCT_NAME = "$(TARGET_NAME)";
				SWIFT_EMIT_LOC_STRINGS = NO;
				SWIFT_VERSION = 5.0;
				TARGETED_DEVICE_FAMILY = "1,2";
				TEST_HOST = "$(BUILT_PRODUCTS_DIR)/Assignment N14 TBCAcademy.app/$(BUNDLE_EXECUTABLE_FOLDER_PATH)/Assignment N14 TBCAcademy";
			};
			name = Debug;
		};
		417C41EE2AE40B8D00C524C7 /* Release */ = {
			isa = XCBuildConfiguration;
			buildSettings = {
				ALWAYS_EMBED_SWIFT_STANDARD_LIBRARIES = YES;
				BUNDLE_LOADER = "$(TEST_HOST)";
				CODE_SIGN_STYLE = Automatic;
				CURRENT_PROJECT_VERSION = 1;
				GENERATE_INFOPLIST_FILE = YES;
				IPHONEOS_DEPLOYMENT_TARGET = 17.0;
				MARKETING_VERSION = 1.0;
				PRODUCT_BUNDLE_IDENTIFIER = "test.Assignment-N14-TBCAcademyTests";
				PRODUCT_NAME = "$(TARGET_NAME)";
				SWIFT_EMIT_LOC_STRINGS = NO;
				SWIFT_VERSION = 5.0;
				TARGETED_DEVICE_FAMILY = "1,2";
				TEST_HOST = "$(BUILT_PRODUCTS_DIR)/Assignment N14 TBCAcademy.app/$(BUNDLE_EXECUTABLE_FOLDER_PATH)/Assignment N14 TBCAcademy";
			};
			name = Release;
		};
		417C41F02AE40B8D00C524C7 /* Debug */ = {
			isa = XCBuildConfiguration;
			buildSettings = {
				ALWAYS_EMBED_SWIFT_STANDARD_LIBRARIES = YES;
				CODE_SIGN_STYLE = Automatic;
				CURRENT_PROJECT_VERSION = 1;
				GENERATE_INFOPLIST_FILE = YES;
				MARKETING_VERSION = 1.0;
				PRODUCT_BUNDLE_IDENTIFIER = "test.Assignment-N14-TBCAcademyUITests";
				PRODUCT_NAME = "$(TARGET_NAME)";
				SWIFT_EMIT_LOC_STRINGS = NO;
				SWIFT_VERSION = 5.0;
				TARGETED_DEVICE_FAMILY = "1,2";
				TEST_TARGET_NAME = "Assignment N14 TBCAcademy";
			};
			name = Debug;
		};
		417C41F12AE40B8D00C524C7 /* Release */ = {
			isa = XCBuildConfiguration;
			buildSettings = {
				ALWAYS_EMBED_SWIFT_STANDARD_LIBRARIES = YES;
				CODE_SIGN_STYLE = Automatic;
				CURRENT_PROJECT_VERSION = 1;
				GENERATE_INFOPLIST_FILE = YES;
				MARKETING_VERSION = 1.0;
				PRODUCT_BUNDLE_IDENTIFIER = "test.Assignment-N14-TBCAcademyUITests";
				PRODUCT_NAME = "$(TARGET_NAME)";
				SWIFT_EMIT_LOC_STRINGS = NO;
				SWIFT_VERSION = 5.0;
				TARGETED_DEVICE_FAMILY = "1,2";
				TEST_TARGET_NAME = "Assignment N14 TBCAcademy";
			};
			name = Release;
		};
/* End XCBuildConfiguration section */

/* Begin XCConfigurationList section */
		417C41BA2AE40B8B00C524C7 /* Build configuration list for PBXProject "Assignment N14 TBCAcademy" */ = {
			isa = XCConfigurationList;
			buildConfigurations = (
				417C41E72AE40B8D00C524C7 /* Debug */,
				417C41E82AE40B8D00C524C7 /* Release */,
			);
			defaultConfigurationIsVisible = 0;
			defaultConfigurationName = Release;
		};
		417C41E92AE40B8D00C524C7 /* Build configuration list for PBXNativeTarget "Assignment N14 TBCAcademy" */ = {
			isa = XCConfigurationList;
			buildConfigurations = (
				417C41EA2AE40B8D00C524C7 /* Debug */,
				417C41EB2AE40B8D00C524C7 /* Release */,
			);
			defaultConfigurationIsVisible = 0;
			defaultConfigurationName = Release;
		};
		417C41EC2AE40B8D00C524C7 /* Build configuration list for PBXNativeTarget "Assignment N14 TBCAcademyTests" */ = {
			isa = XCConfigurationList;
			buildConfigurations = (
				417C41ED2AE40B8D00C524C7 /* Debug */,
				417C41EE2AE40B8D00C524C7 /* Release */,
			);
			defaultConfigurationIsVisible = 0;
			defaultConfigurationName = Release;
		};
		417C41EF2AE40B8D00C524C7 /* Build configuration list for PBXNativeTarget "Assignment N14 TBCAcademyUITests" */ = {
			isa = XCConfigurationList;
			buildConfigurations = (
				417C41F02AE40B8D00C524C7 /* Debug */,
				417C41F12AE40B8D00C524C7 /* Release */,
			);
			defaultConfigurationIsVisible = 0;
			defaultConfigurationName = Release;
		};
/* End XCConfigurationList section */
	};
	rootObject = 417C41B72AE40B8B00C524C7 /* Project object */;
}
