// !$*UTF8*$!
{
	archiveVersion = 1;
	classes = {
	};
	objectVersion = 56;
	objects = {

/* Begin PBXBuildFile section */
		417C423B2AE8C94600C524C7 /* AppDelegate.swift in Sources */ = {isa = PBXBuildFile; fileRef = 417C423A2AE8C94600C524C7 /* AppDelegate.swift */; };
		417C423D2AE8C94600C524C7 /* SceneDelegate.swift in Sources */ = {isa = PBXBuildFile; fileRef = 417C423C2AE8C94600C524C7 /* SceneDelegate.swift */; };
		417C423F2AE8C94600C524C7 /* ViewController.swift in Sources */ = {isa = PBXBuildFile; fileRef = 417C423E2AE8C94600C524C7 /* ViewController.swift */; };
		417C42422AE8C94600C524C7 /* Main.storyboard in Resources */ = {isa = PBXBuildFile; fileRef = 417C42402AE8C94600C524C7 /* Main.storyboard */; };
		417C42442AE8C94800C524C7 /* Assets.xcassets in Resources */ = {isa = PBXBuildFile; fileRef = 417C42432AE8C94800C524C7 /* Assets.xcassets */; };
		417C42472AE8C94800C524C7 /* LaunchScreen.storyboard in Resources */ = {isa = PBXBuildFile; fileRef = 417C42452AE8C94800C524C7 /* LaunchScreen.storyboard */; };
		417C42522AE8C94900C524C7 /* Assugnment_N_15_TBC_AcademyTests.swift in Sources */ = {isa = PBXBuildFile; fileRef = 417C42512AE8C94900C524C7 /* Assugnment_N_15_TBC_AcademyTests.swift */; };
		417C425C2AE8C94900C524C7 /* Assugnment_N_15_TBC_AcademyUITests.swift in Sources */ = {isa = PBXBuildFile; fileRef = 417C425B2AE8C94900C524C7 /* Assugnment_N_15_TBC_AcademyUITests.swift */; };
		417C425E2AE8C94900C524C7 /* Assugnment_N_15_TBC_AcademyUITestsLaunchTests.swift in Sources */ = {isa = PBXBuildFile; fileRef = 417C425D2AE8C94900C524C7 /* Assugnment_N_15_TBC_AcademyUITestsLaunchTests.swift */; };
		417C426B2AE8CB5A00C524C7 /* Check.swift in Sources */ = {isa = PBXBuildFile; fileRef = 417C426A2AE8CB5A00C524C7 /* Check.swift */; };
/* End PBXBuildFile section */

/* Begin PBXContainerItemProxy section */
		417C424E2AE8C94900C524C7 /* PBXContainerItemProxy */ = {
			isa = PBXContainerItemProxy;
			containerPortal = 417C422F2AE8C94600C524C7 /* Project object */;
			proxyType = 1;
			remoteGlobalIDString = 417C42362AE8C94600C524C7;
			remoteInfo = "Assugnment N 15 TBC Academy";
		};
		417C42582AE8C94900C524C7 /* PBXContainerItemProxy */ = {
			isa = PBXContainerItemProxy;
			containerPortal = 417C422F2AE8C94600C524C7 /* Project object */;
			proxyType = 1;
			remoteGlobalIDString = 417C42362AE8C94600C524C7;
			remoteInfo = "Assugnment N 15 TBC Academy";
		};
/* End PBXContainerItemProxy section */

/* Begin PBXFileReference section */
		417C42372AE8C94600C524C7 /* Assugnment N 15 TBC Academy.app */ = {isa = PBXFileReference; explicitFileType = wrapper.application; includeInIndex = 0; path = "Assugnment N 15 TBC Academy.app"; sourceTree = BUILT_PRODUCTS_DIR; };
		417C423A2AE8C94600C524C7 /* AppDelegate.swift */ = {isa = PBXFileReference; lastKnownFileType = sourcecode.swift; path = AppDelegate.swift; sourceTree = "<group>"; };
		417C423C2AE8C94600C524C7 /* SceneDelegate.swift */ = {isa = PBXFileReference; lastKnownFileType = sourcecode.swift; path = SceneDelegate.swift; sourceTree = "<group>"; };
		417C423E2AE8C94600C524C7 /* ViewController.swift */ = {isa = PBXFileReference; lastKnownFileType = sourcecode.swift; path = ViewController.swift; sourceTree = "<group>"; };
		417C42412AE8C94600C524C7 /* Base */ = {isa = PBXFileReference; lastKnownFileType = file.storyboard; name = Base; path = Base.lproj/Main.storyboard; sourceTree = "<group>"; };
		417C42432AE8C94800C524C7 /* Assets.xcassets */ = {isa = PBXFileReference; lastKnownFileType = folder.assetcatalog; path = Assets.xcassets; sourceTree = "<group>"; };
		417C42462AE8C94800C524C7 /* Base */ = {isa = PBXFileReference; lastKnownFileType = file.storyboard; name = Base; path = Base.lproj/LaunchScreen.storyboard; sourceTree = "<group>"; };
		417C42482AE8C94800C524C7 /* Info.plist */ = {isa = PBXFileReference; lastKnownFileType = text.plist.xml; path = Info.plist; sourceTree = "<group>"; };
		417C424D2AE8C94900C524C7 /* Assugnment N 15 TBC AcademyTests.xctest */ = {isa = PBXFileReference; explicitFileType = wrapper.cfbundle; includeInIndex = 0; path = "Assugnment N 15 TBC AcademyTests.xctest"; sourceTree = BUILT_PRODUCTS_DIR; };
		417C42512AE8C94900C524C7 /* Assugnment_N_15_TBC_AcademyTests.swift */ = {isa = PBXFileReference; lastKnownFileType = sourcecode.swift; path = Assugnment_N_15_TBC_AcademyTests.swift; sourceTree = "<group>"; };
		417C42572AE8C94900C524C7 /* Assugnment N 15 TBC AcademyUITests.xctest */ = {isa = PBXFileReference; explicitFileType = wrapper.cfbundle; includeInIndex = 0; path = "Assugnment N 15 TBC AcademyUITests.xctest"; sourceTree = BUILT_PRODUCTS_DIR; };
		417C425B2AE8C94900C524C7 /* Assugnment_N_15_TBC_AcademyUITests.swift */ = {isa = PBXFileReference; lastKnownFileType = sourcecode.swift; path = Assugnment_N_15_TBC_AcademyUITests.swift; sourceTree = "<group>"; };
		417C425D2AE8C94900C524C7 /* Assugnment_N_15_TBC_AcademyUITestsLaunchTests.swift */ = {isa = PBXFileReference; lastKnownFileType = sourcecode.swift; path = Assugnment_N_15_TBC_AcademyUITestsLaunchTests.swift; sourceTree = "<group>"; };
		417C426A2AE8CB5A00C524C7 /* Check.swift */ = {isa = PBXFileReference; lastKnownFileType = sourcecode.swift; path = Check.swift; sourceTree = "<group>"; };
/* End PBXFileReference section */

/* Begin PBXFrameworksBuildPhase section */
		417C42342AE8C94600C524C7 /* Frameworks */ = {
			isa = PBXFrameworksBuildPhase;
			buildActionMask = 2147483647;
			files = (
			);
			runOnlyForDeploymentPostprocessing = 0;
		};
		417C424A2AE8C94900C524C7 /* Frameworks */ = {
			isa = PBXFrameworksBuildPhase;
			buildActionMask = 2147483647;
			files = (
			);
			runOnlyForDeploymentPostprocessing = 0;
		};
		417C42542AE8C94900C524C7 /* Frameworks */ = {
			isa = PBXFrameworksBuildPhase;
			buildActionMask = 2147483647;
			files = (
			);
			runOnlyForDeploymentPostprocessing = 0;
		};
/* End PBXFrameworksBuildPhase section */

/* Begin PBXGroup section */
		417C422E2AE8C94600C524C7 = {
			isa = PBXGroup;
			children = (
				417C426A2AE8CB5A00C524C7 /* Check.swift */,
				417C42392AE8C94600C524C7 /* Assugnment N 15 TBC Academy */,
				417C42502AE8C94900C524C7 /* Assugnment N 15 TBC AcademyTests */,
				417C425A2AE8C94900C524C7 /* Assugnment N 15 TBC AcademyUITests */,
				417C42382AE8C94600C524C7 /* Products */,
			);
			sourceTree = "<group>";
		};
		417C42382AE8C94600C524C7 /* Products */ = {
			isa = PBXGroup;
			children = (
				417C42372AE8C94600C524C7 /* Assugnment N 15 TBC Academy.app */,
				417C424D2AE8C94900C524C7 /* Assugnment N 15 TBC AcademyTests.xctest */,
				417C42572AE8C94900C524C7 /* Assugnment N 15 TBC AcademyUITests.xctest */,
			);
			name = Products;
			sourceTree = "<group>";
		};
		417C42392AE8C94600C524C7 /* Assugnment N 15 TBC Academy */ = {
			isa = PBXGroup;
			children = (
				417C423A2AE8C94600C524C7 /* AppDelegate.swift */,
				417C423C2AE8C94600C524C7 /* SceneDelegate.swift */,
				417C423E2AE8C94600C524C7 /* ViewController.swift */,
				417C42402AE8C94600C524C7 /* Main.storyboard */,
				417C42432AE8C94800C524C7 /* Assets.xcassets */,
				417C42452AE8C94800C524C7 /* LaunchScreen.storyboard */,
				417C42482AE8C94800C524C7 /* Info.plist */,
			);
			path = "Assugnment N 15 TBC Academy";
			sourceTree = "<group>";
		};
		417C42502AE8C94900C524C7 /* Assugnment N 15 TBC AcademyTests */ = {
			isa = PBXGroup;
			children = (
				417C42512AE8C94900C524C7 /* Assugnment_N_15_TBC_AcademyTests.swift */,
			);
			path = "Assugnment N 15 TBC AcademyTests";
			sourceTree = "<group>";
		};
		417C425A2AE8C94900C524C7 /* Assugnment N 15 TBC AcademyUITests */ = {
			isa = PBXGroup;
			children = (
				417C425B2AE8C94900C524C7 /* Assugnment_N_15_TBC_AcademyUITests.swift */,
				417C425D2AE8C94900C524C7 /* Assugnment_N_15_TBC_AcademyUITestsLaunchTests.swift */,
			);
			path = "Assugnment N 15 TBC AcademyUITests";
			sourceTree = "<group>";
		};
/* End PBXGroup section */

/* Begin PBXNativeTarget section */
		417C42362AE8C94600C524C7 /* Assugnment N 15 TBC Academy */ = {
			isa = PBXNativeTarget;
			buildConfigurationList = 417C42612AE8C94900C524C7 /* Build configuration list for PBXNativeTarget "Assugnment N 15 TBC Academy" */;
			buildPhases = (
				417C42332AE8C94600C524C7 /* Sources */,
				417C42342AE8C94600C524C7 /* Frameworks */,
				417C42352AE8C94600C524C7 /* Resources */,
			);
			buildRules = (
			);
			dependencies = (
			);
			name = "Assugnment N 15 TBC Academy";
			productName = "Assugnment N 15 TBC Academy";
			productReference = 417C42372AE8C94600C524C7 /* Assugnment N 15 TBC Academy.app */;
			productType = "com.apple.product-type.application";
		};
		417C424C2AE8C94900C524C7 /* Assugnment N 15 TBC AcademyTests */ = {
			isa = PBXNativeTarget;
			buildConfigurationList = 417C42642AE8C94900C524C7 /* Build configuration list for PBXNativeTarget "Assugnment N 15 TBC AcademyTests" */;
			buildPhases = (
				417C42492AE8C94900C524C7 /* Sources */,
				417C424A2AE8C94900C524C7 /* Frameworks */,
				417C424B2AE8C94900C524C7 /* Resources */,
			);
			buildRules = (
			);
			dependencies = (
				417C424F2AE8C94900C524C7 /* PBXTargetDependency */,
			);
			name = "Assugnment N 15 TBC AcademyTests";
			productName = "Assugnment N 15 TBC AcademyTests";
			productReference = 417C424D2AE8C94900C524C7 /* Assugnment N 15 TBC AcademyTests.xctest */;
			productType = "com.apple.product-type.bundle.unit-test";
		};
		417C42562AE8C94900C524C7 /* Assugnment N 15 TBC AcademyUITests */ = {
			isa = PBXNativeTarget;
			buildConfigurationList = 417C42672AE8C94900C524C7 /* Build configuration list for PBXNativeTarget "Assugnment N 15 TBC AcademyUITests" */;
			buildPhases = (
				417C42532AE8C94900C524C7 /* Sources */,
				417C42542AE8C94900C524C7 /* Frameworks */,
				417C42552AE8C94900C524C7 /* Resources */,
			);
			buildRules = (
			);
			dependencies = (
				417C42592AE8C94900C524C7 /* PBXTargetDependency */,
			);
			name = "Assugnment N 15 TBC AcademyUITests";
			productName = "Assugnment N 15 TBC AcademyUITests";
			productReference = 417C42572AE8C94900C524C7 /* Assugnment N 15 TBC AcademyUITests.xctest */;
			productType = "com.apple.product-type.bundle.ui-testing";
		};
/* End PBXNativeTarget section */

/* Begin PBXProject section */
		417C422F2AE8C94600C524C7 /* Project object */ = {
			isa = PBXProject;
			attributes = {
				BuildIndependentTargetsInParallel = 1;
				LastSwiftUpdateCheck = 1500;
				LastUpgradeCheck = 1500;
				TargetAttributes = {
					417C42362AE8C94600C524C7 = {
						CreatedOnToolsVersion = 15.0;
					};
					417C424C2AE8C94900C524C7 = {
						CreatedOnToolsVersion = 15.0;
						TestTargetID = 417C42362AE8C94600C524C7;
					};
					417C42562AE8C94900C524C7 = {
						CreatedOnToolsVersion = 15.0;
						TestTargetID = 417C42362AE8C94600C524C7;
					};
				};
			};
			buildConfigurationList = 417C42322AE8C94600C524C7 /* Build configuration list for PBXProject "Assugnment N 15 TBC Academy" */;
			compatibilityVersion = "Xcode 14.0";
			developmentRegion = en;
			hasScannedForEncodings = 0;
			knownRegions = (
				en,
				Base,
			);
			mainGroup = 417C422E2AE8C94600C524C7;
			productRefGroup = 417C42382AE8C94600C524C7 /* Products */;
			projectDirPath = "";
			projectRoot = "";
			targets = (
				417C42362AE8C94600C524C7 /* Assugnment N 15 TBC Academy */,
				417C424C2AE8C94900C524C7 /* Assugnment N 15 TBC AcademyTests */,
				417C42562AE8C94900C524C7 /* Assugnment N 15 TBC AcademyUITests */,
			);
		};
/* End PBXProject section */

/* Begin PBXResourcesBuildPhase section */
		417C42352AE8C94600C524C7 /* Resources */ = {
			isa = PBXResourcesBuildPhase;
			buildActionMask = 2147483647;
			files = (
				417C42472AE8C94800C524C7 /* LaunchScreen.storyboard in Resources */,
				417C42442AE8C94800C524C7 /* Assets.xcassets in Resources */,
				417C42422AE8C94600C524C7 /* Main.storyboard in Resources */,
			);
			runOnlyForDeploymentPostprocessing = 0;
		};
		417C424B2AE8C94900C524C7 /* Resources */ = {
			isa = PBXResourcesBuildPhase;
			buildActionMask = 2147483647;
			files = (
			);
			runOnlyForDeploymentPostprocessing = 0;
		};
		417C42552AE8C94900C524C7 /* Resources */ = {
			isa = PBXResourcesBuildPhase;
			buildActionMask = 2147483647;
			files = (
			);
			runOnlyForDeploymentPostprocessing = 0;
		};
/* End PBXResourcesBuildPhase section */

/* Begin PBXSourcesBuildPhase section */
		417C42332AE8C94600C524C7 /* Sources */ = {
			isa = PBXSourcesBuildPhase;
			buildActionMask = 2147483647;
			files = (
				417C426B2AE8CB5A00C524C7 /* Check.swift in Sources */,
				417C423F2AE8C94600C524C7 /* ViewController.swift in Sources */,
				417C423B2AE8C94600C524C7 /* AppDelegate.swift in Sources */,
				417C423D2AE8C94600C524C7 /* SceneDelegate.swift in Sources */,
			);
			runOnlyForDeploymentPostprocessing = 0;
		};
		417C42492AE8C94900C524C7 /* Sources */ = {
			isa = PBXSourcesBuildPhase;
			buildActionMask = 2147483647;
			files = (
				417C42522AE8C94900C524C7 /* Assugnment_N_15_TBC_AcademyTests.swift in Sources */,
			);
			runOnlyForDeploymentPostprocessing = 0;
		};
		417C42532AE8C94900C524C7 /* Sources */ = {
			isa = PBXSourcesBuildPhase;
			buildActionMask = 2147483647;
			files = (
				417C425C2AE8C94900C524C7 /* Assugnment_N_15_TBC_AcademyUITests.swift in Sources */,
				417C425E2AE8C94900C524C7 /* Assugnment_N_15_TBC_AcademyUITestsLaunchTests.swift in Sources */,
			);
			runOnlyForDeploymentPostprocessing = 0;
		};
/* End PBXSourcesBuildPhase section */

/* Begin PBXTargetDependency section */
		417C424F2AE8C94900C524C7 /* PBXTargetDependency */ = {
			isa = PBXTargetDependency;
			target = 417C42362AE8C94600C524C7 /* Assugnment N 15 TBC Academy */;
			targetProxy = 417C424E2AE8C94900C524C7 /* PBXContainerItemProxy */;
		};
		417C42592AE8C94900C524C7 /* PBXTargetDependency */ = {
			isa = PBXTargetDependency;
			target = 417C42362AE8C94600C524C7 /* Assugnment N 15 TBC Academy */;
			targetProxy = 417C42582AE8C94900C524C7 /* PBXContainerItemProxy */;
		};
/* End PBXTargetDependency section */

/* Begin PBXVariantGroup section */
		417C42402AE8C94600C524C7 /* Main.storyboard */ = {
			isa = PBXVariantGroup;
			children = (
				417C42412AE8C94600C524C7 /* Base */,
			);
			name = Main.storyboard;
			sourceTree = "<group>";
		};
		417C42452AE8C94800C524C7 /* LaunchScreen.storyboard */ = {
			isa = PBXVariantGroup;
			children = (
				417C42462AE8C94800C524C7 /* Base */,
			);
			name = LaunchScreen.storyboard;
			sourceTree = "<group>";
		};
/* End PBXVariantGroup section */

/* Begin XCBuildConfiguration section */
		417C425F2AE8C94900C524C7 /* Debug */ = {
			isa = XCBuildConfiguration;
			buildSettings = {
				ALWAYS_SEARCH_USER_PATHS = NO;
				ASSETCATALOG_COMPILER_GENERATE_SWIFT_ASSET_SYMBOL_EXTENSIONS = YES;
				CLANG_ANALYZER_NONNULL = YES;
				CLANG_ANALYZER_NUMBER_OBJECT_CONVERSION = YES_AGGRESSIVE;
				CLANG_CXX_LANGUAGE_STANDARD = "gnu++20";
				CLANG_ENABLE_MODULES = YES;
				CLANG_ENABLE_OBJC_ARC = YES;
				CLANG_ENABLE_OBJC_WEAK = YES;
				CLANG_WARN_BLOCK_CAPTURE_AUTORELEASING = YES;
				CLANG_WARN_BOOL_CONVERSION = YES;
				CLANG_WARN_COMMA = YES;
				CLANG_WARN_CONSTANT_CONVERSION = YES;
				CLANG_WARN_DEPRECATED_OBJC_IMPLEMENTATIONS = YES;
				CLANG_WARN_DIRECT_OBJC_ISA_USAGE = YES_ERROR;
				CLANG_WARN_DOCUMENTATION_COMMENTS = YES;
				CLANG_WARN_EMPTY_BODY = YES;
				CLANG_WARN_ENUM_CONVERSION = YES;
				CLANG_WARN_INFINITE_RECURSION = YES;
				CLANG_WARN_INT_CONVERSION = YES;
				CLANG_WARN_NON_LITERAL_NULL_CONVERSION = YES;
				CLANG_WARN_OBJC_IMPLICIT_RETAIN_SELF = YES;
				CLANG_WARN_OBJC_LITERAL_CONVERSION = YES;
				CLANG_WARN_OBJC_ROOT_CLASS = YES_ERROR;
				CLANG_WARN_QUOTED_INCLUDE_IN_FRAMEWORK_HEADER = YES;
				CLANG_WARN_RANGE_LOOP_ANALYSIS = YES;
				CLANG_WARN_STRICT_PROTOTYPES = YES;
				CLANG_WARN_SUSPICIOUS_MOVE = YES;
				CLANG_WARN_UNGUARDED_AVAILABILITY = YES_AGGRESSIVE;
				CLANG_WARN_UNREACHABLE_CODE = YES;
				CLANG_WARN__DUPLICATE_METHOD_MATCH = YES;
				COPY_PHASE_STRIP = NO;
				DEBUG_INFORMATION_FORMAT = dwarf;
				ENABLE_STRICT_OBJC_MSGSEND = YES;
				ENABLE_TESTABILITY = YES;
				ENABLE_USER_SCRIPT_SANDBOXING = YES;
				GCC_C_LANGUAGE_STANDARD = gnu17;
				GCC_DYNAMIC_NO_PIC = NO;
				GCC_NO_COMMON_BLOCKS = YES;
				GCC_OPTIMIZATION_LEVEL = 0;
				GCC_PREPROCESSOR_DEFINITIONS = (
					"DEBUG=1",
					"$(inherited)",
				);
				GCC_WARN_64_TO_32_BIT_CONVERSION = YES;
				GCC_WARN_ABOUT_RETURN_TYPE = YES_ERROR;
				GCC_WARN_UNDECLARED_SELECTOR = YES;
				GCC_WARN_UNINITIALIZED_AUTOS = YES_AGGRESSIVE;
				GCC_WARN_UNUSED_FUNCTION = YES;
				GCC_WARN_UNUSED_VARIABLE = YES;
				IPHONEOS_DEPLOYMENT_TARGET = 17.0;
				LOCALIZATION_PREFERS_STRING_CATALOGS = YES;
				MTL_ENABLE_DEBUG_INFO = INCLUDE_SOURCE;
				MTL_FAST_MATH = YES;
				ONLY_ACTIVE_ARCH = YES;
				SDKROOT = iphoneos;
				SWIFT_ACTIVE_COMPILATION_CONDITIONS = "DEBUG $(inherited)";
				SWIFT_OPTIMIZATION_LEVEL = "-Onone";
			};
			name = Debug;
		};
		417C42602AE8C94900C524C7 /* Release */ = {
			isa = XCBuildConfiguration;
			buildSettings = {
				ALWAYS_SEARCH_USER_PATHS = NO;
				ASSETCATALOG_COMPILER_GENERATE_SWIFT_ASSET_SYMBOL_EXTENSIONS = YES;
				CLANG_ANALYZER_NONNULL = YES;
				CLANG_ANALYZER_NUMBER_OBJECT_CONVERSION = YES_AGGRESSIVE;
				CLANG_CXX_LANGUAGE_STANDARD = "gnu++20";
				CLANG_ENABLE_MODULES = YES;
				CLANG_ENABLE_OBJC_ARC = YES;
				CLANG_ENABLE_OBJC_WEAK = YES;
				CLANG_WARN_BLOCK_CAPTURE_AUTORELEASING = YES;
				CLANG_WARN_BOOL_CONVERSION = YES;
				CLANG_WARN_COMMA = YES;
				CLANG_WARN_CONSTANT_CONVERSION = YES;
				CLANG_WARN_DEPRECATED_OBJC_IMPLEMENTATIONS = YES;
				CLANG_WARN_DIRECT_OBJC_ISA_USAGE = YES_ERROR;
				CLANG_WARN_DOCUMENTATION_COMMENTS = YES;
				CLANG_WARN_EMPTY_BODY = YES;
				CLANG_WARN_ENUM_CONVERSION = YES;
				CLANG_WARN_INFINITE_RECURSION = YES;
				CLANG_WARN_INT_CONVERSION = YES;
				CLANG_WARN_NON_LITERAL_NULL_CONVERSION = YES;
				CLANG_WARN_OBJC_IMPLICIT_RETAIN_SELF = YES;
				CLANG_WARN_OBJC_LITERAL_CONVERSION = YES;
				CLANG_WARN_OBJC_ROOT_CLASS = YES_ERROR;
				CLANG_WARN_QUOTED_INCLUDE_IN_FRAMEWORK_HEADER = YES;
				CLANG_WARN_RANGE_LOOP_ANALYSIS = YES;
				CLANG_WARN_STRICT_PROTOTYPES = YES;
				CLANG_WARN_SUSPICIOUS_MOVE = YES;
				CLANG_WARN_UNGUARDED_AVAILABILITY = YES_AGGRESSIVE;
				CLANG_WARN_UNREACHABLE_CODE = YES;
				CLANG_WARN__DUPLICATE_METHOD_MATCH = YES;
				COPY_PHASE_STRIP = NO;
				DEBUG_INFORMATION_FORMAT = "dwarf-with-dsym";
				ENABLE_NS_ASSERTIONS = NO;
				ENABLE_STRICT_OBJC_MSGSEND = YES;
				ENABLE_USER_SCRIPT_SANDBOXING = YES;
				GCC_C_LANGUAGE_STANDARD = gnu17;
				GCC_NO_COMMON_BLOCKS = YES;
				GCC_WARN_64_TO_32_BIT_CONVERSION = YES;
				GCC_WARN_ABOUT_RETURN_TYPE = YES_ERROR;
				GCC_WARN_UNDECLARED_SELECTOR = YES;
				GCC_WARN_UNINITIALIZED_AUTOS = YES_AGGRESSIVE;
				GCC_WARN_UNUSED_FUNCTION = YES;
				GCC_WARN_UNUSED_VARIABLE = YES;
				IPHONEOS_DEPLOYMENT_TARGET = 17.0;
				LOCALIZATION_PREFERS_STRING_CATALOGS = YES;
				MTL_ENABLE_DEBUG_INFO = NO;
				MTL_FAST_MATH = YES;
				SDKROOT = iphoneos;
				SWIFT_COMPILATION_MODE = wholemodule;
				VALIDATE_PRODUCT = YES;
			};
			name = Release;
		};
		417C42622AE8C94900C524C7 /* Debug */ = {
			isa = XCBuildConfiguration;
			buildSettings = {
				ASSETCATALOG_COMPILER_APPICON_NAME = AppIcon;
				ASSETCATALOG_COMPILER_GLOBAL_ACCENT_COLOR_NAME = AccentColor;
				CODE_SIGN_STYLE = Automatic;
				CURRENT_PROJECT_VERSION = 1;
				GENERATE_INFOPLIST_FILE = YES;
				INFOPLIST_FILE = "Assugnment N 15 TBC Academy/Info.plist";
				INFOPLIST_KEY_UIApplicationSupportsIndirectInputEvents = YES;
				INFOPLIST_KEY_UILaunchStoryboardName = LaunchScreen;
				INFOPLIST_KEY_UIMainStoryboardFile = Main;
				INFOPLIST_KEY_UISupportedInterfaceOrientations_iPad = "UIInterfaceOrientationPortrait UIInterfaceOrientationPortraitUpsideDown UIInterfaceOrientationLandscapeLeft UIInterfaceOrientationLandscapeRight";
				INFOPLIST_KEY_UISupportedInterfaceOrientations_iPhone = "UIInterfaceOrientationPortrait UIInterfaceOrientationLandscapeLeft UIInterfaceOrientationLandscapeRight";
				LD_RUNPATH_SEARCH_PATHS = (
					"$(inherited)",
					"@executable_path/Frameworks",
				);
				MARKETING_VERSION = 1.0;
				PRODUCT_BUNDLE_IDENTIFIER = "test.Assugnment-N-15-TBC-Academy";
				PRODUCT_NAME = "$(TARGET_NAME)";
				SWIFT_EMIT_LOC_STRINGS = YES;
				SWIFT_VERSION = 5.0;
				TARGETED_DEVICE_FAMILY = "1,2";
			};
			name = Debug;
		};
		417C42632AE8C94900C524C7 /* Release */ = {
			isa = XCBuildConfiguration;
			buildSettings = {
				ASSETCATALOG_COMPILER_APPICON_NAME = AppIcon;
				ASSETCATALOG_COMPILER_GLOBAL_ACCENT_COLOR_NAME = AccentColor;
				CODE_SIGN_STYLE = Automatic;
				CURRENT_PROJECT_VERSION = 1;
				GENERATE_INFOPLIST_FILE = YES;
				INFOPLIST_FILE = "Assugnment N 15 TBC Academy/Info.plist";
				INFOPLIST_KEY_UIApplicationSupportsIndirectInputEvents = YES;
				INFOPLIST_KEY_UILaunchStoryboardName = LaunchScreen;
				INFOPLIST_KEY_UIMainStoryboardFile = Main;
				INFOPLIST_KEY_UISupportedInterfaceOrientations_iPad = "UIInterfaceOrientationPortrait UIInterfaceOrientationPortraitUpsideDown UIInterfaceOrientationLandscapeLeft UIInterfaceOrientationLandscapeRight";
				INFOPLIST_KEY_UISupportedInterfaceOrientations_iPhone = "UIInterfaceOrientationPortrait UIInterfaceOrientationLandscapeLeft UIInterfaceOrientationLandscapeRight";
				LD_RUNPATH_SEARCH_PATHS = (
					"$(inherited)",
					"@executable_path/Frameworks",
				);
				MARKETING_VERSION = 1.0;
				PRODUCT_BUNDLE_IDENTIFIER = "test.Assugnment-N-15-TBC-Academy";
				PRODUCT_NAME = "$(TARGET_NAME)";
				SWIFT_EMIT_LOC_STRINGS = YES;
				SWIFT_VERSION = 5.0;
				TARGETED_DEVICE_FAMILY = "1,2";
			};
			name = Release;
		};
		417C42652AE8C94900C524C7 /* Debug */ = {
			isa = XCBuildConfiguration;
			buildSettings = {
				ALWAYS_EMBED_SWIFT_STANDARD_LIBRARIES = YES;
				BUNDLE_LOADER = "$(TEST_HOST)";
				CODE_SIGN_STYLE = Automatic;
				CURRENT_PROJECT_VERSION = 1;
				GENERATE_INFOPLIST_FILE = YES;
				IPHONEOS_DEPLOYMENT_TARGET = 17.0;
				MARKETING_VERSION = 1.0;
				PRODUCT_BUNDLE_IDENTIFIER = "test.Assugnment-N-15-TBC-AcademyTests";
				PRODUCT_NAME = "$(TARGET_NAME)";
				SWIFT_EMIT_LOC_STRINGS = NO;
				SWIFT_VERSION = 5.0;
				TARGETED_DEVICE_FAMILY = "1,2";
				TEST_HOST = "$(BUILT_PRODUCTS_DIR)/Assugnment N 15 TBC Academy.app/$(BUNDLE_EXECUTABLE_FOLDER_PATH)/Assugnment N 15 TBC Academy";
			};
			name = Debug;
		};
		417C42662AE8C94900C524C7 /* Release */ = {
			isa = XCBuildConfiguration;
			buildSettings = {
				ALWAYS_EMBED_SWIFT_STANDARD_LIBRARIES = YES;
				BUNDLE_LOADER = "$(TEST_HOST)";
				CODE_SIGN_STYLE = Automatic;
				CURRENT_PROJECT_VERSION = 1;
				GENERATE_INFOPLIST_FILE = YES;
				IPHONEOS_DEPLOYMENT_TARGET = 17.0;
				MARKETING_VERSION = 1.0;
				PRODUCT_BUNDLE_IDENTIFIER = "test.Assugnment-N-15-TBC-AcademyTests";
				PRODUCT_NAME = "$(TARGET_NAME)";
				SWIFT_EMIT_LOC_STRINGS = NO;
				SWIFT_VERSION = 5.0;
				TARGETED_DEVICE_FAMILY = "1,2";
				TEST_HOST = "$(BUILT_PRODUCTS_DIR)/Assugnment N 15 TBC Academy.app/$(BUNDLE_EXECUTABLE_FOLDER_PATH)/Assugnment N 15 TBC Academy";
			};
			name = Release;
		};
		417C42682AE8C94900C524C7 /* Debug */ = {
			isa = XCBuildConfiguration;
			buildSettings = {
				ALWAYS_EMBED_SWIFT_STANDARD_LIBRARIES = YES;
				CODE_SIGN_STYLE = Automatic;
				CURRENT_PROJECT_VERSION = 1;
				GENERATE_INFOPLIST_FILE = YES;
				MARKETING_VERSION = 1.0;
				PRODUCT_BUNDLE_IDENTIFIER = "test.Assugnment-N-15-TBC-AcademyUITests";
				PRODUCT_NAME = "$(TARGET_NAME)";
				SWIFT_EMIT_LOC_STRINGS = NO;
				SWIFT_VERSION = 5.0;
				TARGETED_DEVICE_FAMILY = "1,2";
				TEST_TARGET_NAME = "Assugnment N 15 TBC Academy";
			};
			name = Debug;
		};
		417C42692AE8C94900C524C7 /* Release */ = {
			isa = XCBuildConfiguration;
			buildSettings = {
				ALWAYS_EMBED_SWIFT_STANDARD_LIBRARIES = YES;
				CODE_SIGN_STYLE = Automatic;
				CURRENT_PROJECT_VERSION = 1;
				GENERATE_INFOPLIST_FILE = YES;
				MARKETING_VERSION = 1.0;
				PRODUCT_BUNDLE_IDENTIFIER = "test.Assugnment-N-15-TBC-AcademyUITests";
				PRODUCT_NAME = "$(TARGET_NAME)";
				SWIFT_EMIT_LOC_STRINGS = NO;
				SWIFT_VERSION = 5.0;
				TARGETED_DEVICE_FAMILY = "1,2";
				TEST_TARGET_NAME = "Assugnment N 15 TBC Academy";
			};
			name = Release;
		};
/* End XCBuildConfiguration section */

/* Begin XCConfigurationList section */
		417C42322AE8C94600C524C7 /* Build configuration list for PBXProject "Assugnment N 15 TBC Academy" */ = {
			isa = XCConfigurationList;
			buildConfigurations = (
				417C425F2AE8C94900C524C7 /* Debug */,
				417C42602AE8C94900C524C7 /* Release */,
			);
			defaultConfigurationIsVisible = 0;
			defaultConfigurationName = Release;
		};
		417C42612AE8C94900C524C7 /* Build configuration list for PBXNativeTarget "Assugnment N 15 TBC Academy" */ = {
			isa = XCConfigurationList;
			buildConfigurations = (
				417C42622AE8C94900C524C7 /* Debug */,
				417C42632AE8C94900C524C7 /* Release */,
			);
			defaultConfigurationIsVisible = 0;
			defaultConfigurationName = Release;
		};
		417C42642AE8C94900C524C7 /* Build configuration list for PBXNativeTarget "Assugnment N 15 TBC AcademyTests" */ = {
			isa = XCConfigurationList;
			buildConfigurations = (
				417C42652AE8C94900C524C7 /* Debug */,
				417C42662AE8C94900C524C7 /* Release */,
			);
			defaultConfigurationIsVisible = 0;
			defaultConfigurationName = Release;
		};
		417C42672AE8C94900C524C7 /* Build configuration list for PBXNativeTarget "Assugnment N 15 TBC AcademyUITests" */ = {
			isa = XCConfigurationList;
			buildConfigurations = (
				417C42682AE8C94900C524C7 /* Debug */,
				417C42692AE8C94900C524C7 /* Release */,
			);
			defaultConfigurationIsVisible = 0;
			defaultConfigurationName = Release;
		};
/* End XCConfigurationList section */
	};
	rootObject = 417C422F2AE8C94600C524C7 /* Project object */;
}
